{
  "version": 4,
  "terraform_version": "0.12.26",
  "serial": 29,
  "lineage": "60b7bd7e-44ac-2ac3-22b9-2a1612117618",
  "outputs": {
    "cluster-location": {
      "value": "us-central1-a",
      "type": "string"
    },
    "cluster-name": {
      "value": "my-app-cluster",
      "type": "string"
    }
  },
  "resources": [
    {
      "mode": "data",
      "type": "google_client_config",
      "name": "default",
      "provider": "provider.google",
      "instances": [
        {
          "schema_version": 0,
          "attributes": {
            "access_token": "ya29.c.KmnSBzTm2ewInG1J3G-XvylXrt6iWHz7GdgI1Euo-DjkHGXQXuo55xXdzT1o-zob7AeOHN3hNGlP_YbGd1yZMRDD_rypyJrVKWjl2jjuAFSUXPE4SYPX5-HmRXK6HPDK7s4eXK8OWEMUv3g",
            "id": "2020-07-01 10:54:42.5260782 +0000 UTC",
            "project": "myproject-278611",
            "region": "us-central1",
            "zone": "us-central1-a"
          }
        }
      ]
    },
    {
      "mode": "managed",
      "type": "google_container_cluster",
      "name": "gke-cluster",
      "provider": "provider.google",
      "instances": [
        {
          "schema_version": 1,
          "attributes": {
            "additional_zones": [],
            "addons_config": [
              {
                "cloudrun_config": [],
                "horizontal_pod_autoscaling": [],
                "http_load_balancing": [],
                "kubernetes_dashboard": [],
                "network_policy_config": [
                  {
                    "disabled": true
                  }
                ]
              }
            ],
            "authenticator_groups_config": [],
            "cluster_autoscaling": [
              {
                "auto_provisioning_defaults": [],
                "enabled": false,
                "resource_limits": []
              }
            ],
            "cluster_ipv4_cidr": "10.4.0.0/14",
            "default_max_pods_per_node": null,
            "description": "",
            "enable_binary_authorization": false,
            "enable_intranode_visibility": null,
            "enable_kubernetes_alpha": false,
            "enable_legacy_abac": false,
            "enable_shielded_nodes": false,
            "enable_tpu": null,
            "endpoint": "35.226.97.52",
            "id": "projects/myproject-278611/locations/us-central1-a/clusters/my-app-cluster",
            "initial_node_count": 2,
            "instance_group_urls": [
              "https://www.googleapis.com/compute/v1/projects/myproject-278611/zones/us-central1-a/instanceGroups/gke-my-app-cluster-default-pool-61290e77-grp"
            ],
            "ip_allocation_policy": [],
            "label_fingerprint": "a9dc16a7",
            "location": "us-central1-a",
            "logging_service": "logging.googleapis.com/kubernetes",
            "maintenance_policy": [],
            "master_auth": [
              {
                "client_certificate": "",
                "client_certificate_config": [
                  {
                    "issue_client_certificate": false
                  }
                ],
                "client_key": "",
                "cluster_ca_certificate": "LS0tLS1CRUdJTiBDRVJUSUZJQ0FURS0tLS0tCk1JSURERENDQWZTZ0F3SUJBZ0lSQUpFc01yTVJHcXBFWjZrNVhvQ3VTazR3RFFZSktvWklodmNOQVFFTEJRQXcKTHpFdE1Dc0dBMVVFQXhNa01EQTVNemt4TWpjdE1UVTRNaTAwTnpKa0xUa3pNVGt0TnpnMU1UWTFaVE5oTmpCbApNQjRYRFRJd01EY3dNVEE1TlRRME0xb1hEVEkxTURZek1ERXdOVFEwTTFvd0x6RXRNQ3NHQTFVRUF4TWtNREE1Ck16a3hNamN0TVRVNE1pMDBOekprTFRrek1Ua3ROemcxTVRZMVpUTmhOakJsTUlJQklqQU5CZ2txaGtpRzl3MEIKQVFFRkFBT0NBUThBTUlJQkNnS0NBUUVBMTllTGpnenFqdVB5T2hCN1JPS0lJWktuWDV5Q0dFVU9VbVhRYTBpNQpjRG4wSFJhRlBIeXdYRWJDTEdHR3JUOTdmOWg2OFMybzVPVE5xRnFwT2xDeE9FSlExYlZJM2tLQnlrb1FtZER5CjJoTW96YmJGT2QrOFA2M2Z5OXBETFI5d1R6N1pESXVDMkpXaUprbHZKTWQzaDhjKzNwWTFJc1BkeERvLy9vdVIKbVFNaVpOc0JuTVRKWWRQdnQxNWZOYmdTOGhKZXVaa3hmNFVIWk1LUlh0by8vZXZvVE9qZGw4T1NiSm8wVmpONQpTdU5ML0ZQVm5GeTY1dUE2djl6V1c3OGpYSUxRRi9VZndYRmg4UnFHcmNGeGl1RFpBSnkxMFo0VG85dmFWSjBsCnRKTDZWSmozUnhKM3JzYjk0cVRKbStqYy8yK3NlNkJJUWVYcVA2QURVbldNSFFJREFRQUJveU13SVRBT0JnTlYKSFE4QkFmOEVCQU1DQWdRd0R3WURWUjBUQVFIL0JBVXdBd0VCL3pBTkJna3Foa2lHOXcwQkFRc0ZBQU9DQVFFQQpZREEzYnhtdjRpc0JyZ283bHBkNmRMMllTbS9ic0xybncxKzZsNjlLQUwyQ0FOMFFZTzZiOUl3ZXErR2dkRE1jCm45K0xaVjJwdnVZclNQQTJ6dFh6YUJCRDdZd290bWlUWFhnUERQclM2WGR5UFF3ckZJUlJENWs0Q1JGdEw4S2gKbnVBZW5FTE5yRTEyT2RwbGF2NW1aclM2UGJwMk5XR1lmb1RRaTZ3OEI5WHNZRTgyUm9HRWlWdUVwRnBTTHBsNAptV2Q4TjlRN0ZKMHc5aDJIcTFDQzZveldOSHJXTEtxbzRiQ1JPbEEzcldCN2hyeEpSbkg0MXNpMnBhaEZTc2psCmNhYkVEdkxqTE93d0pQWkZzTm5CbkxNbHdma2V3RGdxOUpzdDhDbXpQVkFhVlJva21OVlE2UXY4NmF0dVlpb3kKdXNHWm9kVWErNGJSdTBOc2hzV0h1dz09Ci0tLS0tRU5EIENFUlRJRklDQVRFLS0tLS0K",
                "password": "",
                "username": ""
              }
            ],
            "master_authorized_networks_config": [],
            "master_version": "1.14.10-gke.36",
            "min_master_version": null,
            "monitoring_service": "monitoring.googleapis.com/kubernetes",
            "name": "my-app-cluster",
            "network": "projects/myproject-278611/global/networks/default",
            "network_policy": [
              {
                "enabled": false,
                "provider": "PROVIDER_UNSPECIFIED"
              }
            ],
            "node_config": [
              {
                "disk_size_gb": 100,
                "disk_type": "pd-standard",
                "guest_accelerator": [],
                "image_type": "COS",
                "labels": {},
                "local_ssd_count": 0,
                "machine_type": "n1-standard-1",
                "metadata": {
                  "disable-legacy-endpoints": "true"
                },
                "min_cpu_platform": "",
                "oauth_scopes": [
                  "https://www.googleapis.com/auth/devstorage.read_only",
                  "https://www.googleapis.com/auth/logging.write",
                  "https://www.googleapis.com/auth/monitoring"
                ],
                "preemptible": true,
                "sandbox_config": [],
                "service_account": "default",
                "shielded_instance_config": [
                  {
                    "enable_integrity_monitoring": true,
                    "enable_secure_boot": false
                  }
                ],
                "tags": null,
                "taint": [],
                "workload_metadata_config": []
              }
            ],
            "node_locations": [],
            "node_pool": [
              {
                "autoscaling": [],
                "initial_node_count": 2,
                "instance_group_urls": [
                  "https://www.googleapis.com/compute/v1/projects/myproject-278611/zones/us-central1-a/instanceGroupManagers/gke-my-app-cluster-default-pool-61290e77-grp"
                ],
                "management": [
                  {
                    "auto_repair": true,
                    "auto_upgrade": true
                  }
                ],
                "max_pods_per_node": 0,
                "name": "default-pool",
                "name_prefix": "",
                "node_config": [
                  {
                    "disk_size_gb": 100,
                    "disk_type": "pd-standard",
                    "guest_accelerator": [],
                    "image_type": "COS",
                    "labels": {},
                    "local_ssd_count": 0,
                    "machine_type": "n1-standard-1",
                    "metadata": {
                      "disable-legacy-endpoints": "true"
                    },
                    "min_cpu_platform": "",
                    "oauth_scopes": [
                      "https://www.googleapis.com/auth/devstorage.read_only",
                      "https://www.googleapis.com/auth/logging.write",
                      "https://www.googleapis.com/auth/monitoring"
                    ],
                    "preemptible": true,
                    "sandbox_config": [],
                    "service_account": "default",
                    "shielded_instance_config": [
                      {
                        "enable_integrity_monitoring": true,
                        "enable_secure_boot": false
                      }
                    ],
                    "tags": [],
                    "taint": [],
                    "workload_metadata_config": []
                  }
                ],
                "node_count": 2,
                "node_locations": [
                  "us-central1-a"
                ],
                "upgrade_settings": [
                  {
                    "max_surge": 1,
                    "max_unavailable": 0
                  }
                ],
                "version": "1.14.10-gke.36"
              }
            ],
            "node_version": "1.14.10-gke.36",
            "operation": null,
            "pod_security_policy_config": null,
            "private_cluster_config": [],
            "project": "myproject-278611",
            "region": null,
            "remove_default_node_pool": null,
            "resource_labels": null,
            "resource_usage_export_config": [],
            "services_ipv4_cidr": "10.7.240.0/20",
            "subnetwork": "projects/myproject-278611/regions/us-central1/subnetworks/default",
            "timeouts": null,
            "vertical_pod_autoscaling": [],
            "workload_identity_config": [],
            "zone": null
          },
          "private": "eyJlMmJmYjczMC1lY2FhLTExZTYtOGY4OC0zNDM2M2JjN2M0YzAiOnsiY3JlYXRlIjoyNDAwMDAwMDAwMDAwLCJkZWxldGUiOjI0MDAwMDAwMDAwMDAsInJlYWQiOjI0MDAwMDAwMDAwMDAsInVwZGF0ZSI6MzYwMDAwMDAwMDAwMH0sInNjaGVtYV92ZXJzaW9uIjoiMSJ9"
        }
      ]
    }
  ]
}
