{
  "version": 4,
  "terraform_version": "0.12.26",
  "serial": 2,
  "lineage": "60b7bd7e-44ac-2ac3-22b9-2a1612117618",
  "outputs": {
    "cluster-location": {
      "value": "us-central1-a",
      "type": "string"
    },
    "cluster-name": {
      "value": "my-app-cluster",
      "type": "string"
    }
  },
  "resources": [
    {
      "mode": "data",
      "type": "google_client_config",
      "name": "default",
      "provider": "provider.google",
      "instances": [
        {
          "schema_version": 0,
          "attributes": {
            "access_token": "ya29.c.KmnOB-W7VyR-9vg1LxStVL9ygn2hprDDIRYZnjX79zQ9_PZtsYLeug5wBscjwyidSMDJyT1wRPuG_wbigBQM8jQjp7u_jFJjdc7hSq8dNzhYrHdcd6UyRPHmteCHzAX4q_JegpNhE3ad9vY",
            "id": "2020-06-10 09:58:15.97865469 +0000 UTC",
            "project": "myproject-278611",
            "region": "us-central1",
            "zone": "us-central1-a"
          }
        }
      ]
    },
    {
      "mode": "managed",
      "type": "google_container_cluster",
      "name": "gke-cluster",
      "provider": "provider.google",
      "instances": [
        {
          "schema_version": 1,
          "attributes": {
            "additional_zones": [],
            "addons_config": [
              {
                "cloudrun_config": [],
                "horizontal_pod_autoscaling": [],
                "http_load_balancing": [],
                "kubernetes_dashboard": [],
                "network_policy_config": [
                  {
                    "disabled": true
                  }
                ]
              }
            ],
            "authenticator_groups_config": [],
            "cluster_autoscaling": [
              {
                "auto_provisioning_defaults": [],
                "enabled": false,
                "resource_limits": []
              }
            ],
            "cluster_ipv4_cidr": "10.4.0.0/14",
            "default_max_pods_per_node": null,
            "description": "",
            "enable_binary_authorization": false,
            "enable_intranode_visibility": null,
            "enable_kubernetes_alpha": false,
            "enable_legacy_abac": false,
            "enable_shielded_nodes": false,
            "enable_tpu": null,
            "endpoint": "104.155.166.158",
            "id": "projects/myproject-278611/locations/us-central1-a/clusters/my-app-cluster",
            "initial_node_count": 2,
            "instance_group_urls": [
              "https://www.googleapis.com/compute/v1/projects/myproject-278611/zones/us-central1-a/instanceGroups/gke-my-app-cluster-default-pool-cd4becec-grp"
            ],
            "ip_allocation_policy": [],
            "label_fingerprint": "a9dc16a7",
            "location": "us-central1-a",
            "logging_service": "logging.googleapis.com/kubernetes",
            "maintenance_policy": [],
            "master_auth": [
              {
                "client_certificate": "",
                "client_certificate_config": [
                  {
                    "issue_client_certificate": false
                  }
                ],
                "client_key": "",
                "cluster_ca_certificate": "LS0tLS1CRUdJTiBDRVJUSUZJQ0FURS0tLS0tCk1JSURDekNDQWZPZ0F3SUJBZ0lRUmNvSTR5aG9wcjlKQW8zYStDQUpwakFOQmdrcWhraUc5dzBCQVFzRkFEQXYKTVMwd0t3WURWUVFERXlRM1kyWmtZVGc0WmkxaFpUY3lMVFJsWVdNdE9EZzFZUzB6WkdRek1UZGpPR1JpTVdFdwpIaGNOTWpBd05qRXdNRGcxT0RFMldoY05NalV3TmpBNU1EazFPREUyV2pBdk1TMHdLd1lEVlFRREV5UTNZMlprCllUZzRaaTFoWlRjeUxUUmxZV010T0RnMVlTMHpaR1F6TVRkak9HUmlNV0V3Z2dFaU1BMEdDU3FHU0liM0RRRUIKQVFVQUE0SUJEd0F3Z2dFS0FvSUJBUURVNnl2cjJtblhtcDc2WUVvcjgvWkJQeFduRE9sdzhXZ0dRSk41b3hueAp4VVFra0ZYWUhtVDdVR2lrUXRFWUgyMEN1b1ZkZ0puYk9BL3JBNnJ1Mk9Kay9uclkzamtqYVNsb0RGNmVWL1FzCmxEWDJBY3BNTjZmWTR6aEd4WVhuUHZ6SldjTC81eVZOUk1UZmpCRUk5S1MwOGo1UkI4QWNDUmt5SmNCaUw0ZXkKZWZCSkhMb0tpRmJGSkt1alcwR1pIOStJL3NWOFd2TjVuWnIrcEZzZk9QYWsyM2tuNGZPZW9BdjZUbUJWQVNXNgpQaytPYnFhWDJwSjNXTU5PS3p5dGJkVS9NdVFKYS9IbVhOMmpKZTFjTEFLZ3JEVDVHSGVONDEvSFhvYUZNMTBCCjhNblM0MmI1cU5UekFtZ3Ntckh6RVRMVTRHSUFTQWM1YUVoZ0tqT00zQUFsQWdNQkFBR2pJekFoTUE0R0ExVWQKRHdFQi93UUVBd0lDQkRBUEJnTlZIUk1CQWY4RUJUQURBUUgvTUEwR0NTcUdTSWIzRFFFQkN3VUFBNElCQVFDcQpkZXdvSHpjRmt2N1BuVmovRkw3NGM2S3lHekJvZFRoN1lyRitRbUVJSGczVU9ESldUei9jc0JHNGJMeFV1K0JVCnI5aVF1VmptUXpXYVIzejhiZUM1OVpzTGE2Y2N1UGltaThPVzRwbFZqakR6SFZyWjlxQUpRRldsSmNKajFwZGcKSzQrUElDUTM1aTRiOW1VWFNlWHpFeWdSczhaeUozU3pNZW1KdExBQ1ZqZE8veWtIZ2NtYi9sV2oydDBEaEQxcAoxZDVCRUQvQVFHY21rdldIMmI3eXVoMklHaWkrV2NKVG94aHh3WnZ3RDNIOUNYTWE1MENsMnlqOVRWTUpCY3lkCmR1TS9lb0lFNUJsVloyM0haUGQ1MncxS3g4TEEwUGFUaklIN3Q5SWFMMENlSEZsSTJqV1Z4eS8rWFVOR2hHRXcKZm94b0E0cG8wSjBJS3R0TnpMK0cKLS0tLS1FTkQgQ0VSVElGSUNBVEUtLS0tLQo=",
                "password": "",
                "username": ""
              }
            ],
            "master_authorized_networks_config": [],
            "master_version": "1.14.10-gke.36",
            "min_master_version": null,
            "monitoring_service": "monitoring.googleapis.com/kubernetes",
            "name": "my-app-cluster",
            "network": "projects/myproject-278611/global/networks/default",
            "network_policy": [
              {
                "enabled": false,
                "provider": "PROVIDER_UNSPECIFIED"
              }
            ],
            "node_config": [
              {
                "disk_size_gb": 100,
                "disk_type": "pd-standard",
                "guest_accelerator": [],
                "image_type": "COS",
                "labels": {},
                "local_ssd_count": 0,
                "machine_type": "n1-standard-1",
                "metadata": {
                  "disable-legacy-endpoints": "true"
                },
                "min_cpu_platform": "",
                "oauth_scopes": [
                  "https://www.googleapis.com/auth/logging.write",
                  "https://www.googleapis.com/auth/monitoring"
                ],
                "preemptible": true,
                "sandbox_config": [],
                "service_account": "default",
                "shielded_instance_config": [
                  {
                    "enable_integrity_monitoring": true,
                    "enable_secure_boot": false
                  }
                ],
                "tags": null,
                "taint": [],
                "workload_metadata_config": []
              }
            ],
            "node_locations": [],
            "node_pool": [
              {
                "autoscaling": [],
                "initial_node_count": 2,
                "instance_group_urls": [
                  "https://www.googleapis.com/compute/v1/projects/myproject-278611/zones/us-central1-a/instanceGroupManagers/gke-my-app-cluster-default-pool-cd4becec-grp"
                ],
                "management": [
                  {
                    "auto_repair": true,
                    "auto_upgrade": true
                  }
                ],
                "max_pods_per_node": 0,
                "name": "default-pool",
                "name_prefix": "",
                "node_config": [
                  {
                    "disk_size_gb": 100,
                    "disk_type": "pd-standard",
                    "guest_accelerator": [],
                    "image_type": "COS",
                    "labels": {},
                    "local_ssd_count": 0,
                    "machine_type": "n1-standard-1",
                    "metadata": {
                      "disable-legacy-endpoints": "true"
                    },
                    "min_cpu_platform": "",
                    "oauth_scopes": [
                      "https://www.googleapis.com/auth/logging.write",
                      "https://www.googleapis.com/auth/monitoring"
                    ],
                    "preemptible": true,
                    "sandbox_config": [],
                    "service_account": "default",
                    "shielded_instance_config": [
                      {
                        "enable_integrity_monitoring": true,
                        "enable_secure_boot": false
                      }
                    ],
                    "tags": [],
                    "taint": [],
                    "workload_metadata_config": []
                  }
                ],
                "node_count": 2,
                "node_locations": [
                  "us-central1-a"
                ],
                "upgrade_settings": [
                  {
                    "max_surge": 1,
                    "max_unavailable": 0
                  }
                ],
                "version": "1.14.10-gke.36"
              }
            ],
            "node_version": "1.14.10-gke.36",
            "operation": null,
            "pod_security_policy_config": null,
            "private_cluster_config": [],
            "project": "myproject-278611",
            "region": null,
            "remove_default_node_pool": null,
            "resource_labels": null,
            "resource_usage_export_config": [],
            "services_ipv4_cidr": "10.7.240.0/20",
            "subnetwork": "projects/myproject-278611/regions/us-central1/subnetworks/default",
            "timeouts": null,
            "vertical_pod_autoscaling": [],
            "workload_identity_config": [],
            "zone": null
          },
          "private": "eyJlMmJmYjczMC1lY2FhLTExZTYtOGY4OC0zNDM2M2JjN2M0YzAiOnsiY3JlYXRlIjoyNDAwMDAwMDAwMDAwLCJkZWxldGUiOjI0MDAwMDAwMDAwMDAsInJlYWQiOjI0MDAwMDAwMDAwMDAsInVwZGF0ZSI6MzYwMDAwMDAwMDAwMH0sInNjaGVtYV92ZXJzaW9uIjoiMSJ9"
        }
      ]
    }
  ]
}
