{
  "version": 4,
  "terraform_version": "0.12.26",
  "serial": 31,
  "lineage": "60b7bd7e-44ac-2ac3-22b9-2a1612117618",
  "outputs": {
    "cluster-location": {
      "value": "us-central1-a",
      "type": "string"
    },
    "cluster-name": {
      "value": "my-app-cluster",
      "type": "string"
    }
  },
  "resources": [
    {
      "mode": "data",
      "type": "google_client_config",
      "name": "default",
      "provider": "provider.google",
      "instances": [
        {
          "schema_version": 0,
          "attributes": {
            "access_token": "ya29.c.KmnRB1nSDg3boTcmHJ9kW1Qppf1B06CmdRG71JaQUvbwvdYcikgvjsvynEoytuZgdrsM0wdOOM_bxUlVTK7062S6y9cs_IEgNg-c2GHTfPj6iXdBqXkilUSlFzbxDoTSR2O_ZZgwt53tHoM",
            "id": "2020-07-02 11:01:53.57268687 +0000 UTC",
            "project": "myproject-278611",
            "region": "us-central1",
            "zone": "us-central1-a"
          }
        }
      ]
    },
    {
      "mode": "managed",
      "type": "google_container_cluster",
      "name": "gke-cluster",
      "provider": "provider.google",
      "instances": [
        {
          "schema_version": 1,
          "attributes": {
            "additional_zones": [],
            "addons_config": [
              {
                "cloudrun_config": [],
                "horizontal_pod_autoscaling": [],
                "http_load_balancing": [],
                "kubernetes_dashboard": [],
                "network_policy_config": [
                  {
                    "disabled": true
                  }
                ]
              }
            ],
            "authenticator_groups_config": [],
            "cluster_autoscaling": [
              {
                "auto_provisioning_defaults": [],
                "enabled": false,
                "resource_limits": []
              }
            ],
            "cluster_ipv4_cidr": "10.4.0.0/14",
            "default_max_pods_per_node": null,
            "description": "",
            "enable_binary_authorization": false,
            "enable_intranode_visibility": null,
            "enable_kubernetes_alpha": false,
            "enable_legacy_abac": false,
            "enable_shielded_nodes": false,
            "enable_tpu": null,
            "endpoint": "104.198.175.81",
            "id": "projects/myproject-278611/locations/us-central1-a/clusters/my-app-cluster",
            "initial_node_count": 2,
            "instance_group_urls": [
              "https://www.googleapis.com/compute/v1/projects/myproject-278611/zones/us-central1-a/instanceGroups/gke-my-app-cluster-default-pool-5295b684-grp"
            ],
            "ip_allocation_policy": [],
            "label_fingerprint": "a9dc16a7",
            "location": "us-central1-a",
            "logging_service": "logging.googleapis.com/kubernetes",
            "maintenance_policy": [],
            "master_auth": [
              {
                "client_certificate": "",
                "client_certificate_config": [
                  {
                    "issue_client_certificate": false
                  }
                ],
                "client_key": "",
                "cluster_ca_certificate": "LS0tLS1CRUdJTiBDRVJUSUZJQ0FURS0tLS0tCk1JSURDekNDQWZPZ0F3SUJBZ0lRQVgrS0lBOVZUaTMwSW5LM2ZKUUFIakFOQmdrcWhraUc5dzBCQVFzRkFEQXYKTVMwd0t3WURWUVFERXlRMFlXUTBaVGN4TWkxbFl6VmlMVFJpT0dNdE9HSmhNeTB4TW1OaE1qRm1Zemd5TUdZdwpIaGNOTWpBd056QXlNVEF3TVRVMFdoY05NalV3TnpBeE1URXdNVFUwV2pBdk1TMHdLd1lEVlFRREV5UTBZV1EwClpUY3hNaTFsWXpWaUxUUmlPR010T0dKaE15MHhNbU5oTWpGbVl6Z3lNR1l3Z2dFaU1BMEdDU3FHU0liM0RRRUIKQVFVQUE0SUJEd0F3Z2dFS0FvSUJBUURUOHZ5elFXcWpPNEdtR3VxUmlvZ0t4UVdzcDVTNHZ6akhXcjZ0OWQ5VApydDlLV1dNcjB3bnFxZXcwdUFIQmxmVUFuUlZqYm5sK1RuempKWjhpTkRNUGoyeXpKbWJxb2NxYWQwcW5qWG0wCmxOSEtWREQ1WldzTHRUbWoySzZBblNONDlMcjBIQWtOQzQ2SW1oU2ZEZnNlZnNXT1V5TUdieUZrYmErS0NoUXQKalpNcm1RdUhicWhTQS9hQi9oMTh2UkF2YVc5TmZHWVFxMkRmODhvczFxU1VqNDNlalg5My9sK0xhK3J1cWJQMgo4WnkrekYvb2ZaampKQzRwTVBNU3VIdzdLV0dWcEhtbjNrTERyQW1lWEJHYWs4TXFIUGgyZSt4L1ZoMXlNZng2CkxON3B5QkpYaWxvd0pNZjUwMU1ubVBuRWpVeGMrbGlSNEhSbGc3aEZvU1VYQWdNQkFBR2pJekFoTUE0R0ExVWQKRHdFQi93UUVBd0lDQkRBUEJnTlZIUk1CQWY4RUJUQURBUUgvTUEwR0NTcUdTSWIzRFFFQkN3VUFBNElCQVFCYgpVbnEvSFc2blgzZDJPcTEzL1RXcFVUd0hhTzJMN1RTY281VG1XbFhiK1ovb3ZUaVJtZ2owTUlFSUZ2NUhNS0xnCndGcVZtaU11RTNlNUYxbk03aXpnSlpyQlQ5czVxVmxLNXpoZUNtcW5sdXJnV0kvZXdoQzM3UjJwR0h1R2t2dTAKMnF1dUk5eXplZEhwdm41cTBPSy9MSnRlNzJJak1BbnIxM2pQOUhJcFNpYXI4VVhqdzA2d1YrSHByc3dxd1dPdApaam9DNi81cWhESkp0Si8yOEVZb0N1aWVtMGU2M0s0Z05zdGdyNTgyQXNJc2VhbGJRQU1LTkl4YTRDT3laWHlGCk1oYWRUZE5BMlNXcDI5MmNCVzFjWVBvcjFROVJrNjZDZEtZeFRORFBQT0xrL0VKMVFTWFUyZVhCYm1IWWREOEEKZmlLbU1hc21RTTY3SVdyOThISksKLS0tLS1FTkQgQ0VSVElGSUNBVEUtLS0tLQo=",
                "password": "",
                "username": ""
              }
            ],
            "master_authorized_networks_config": [],
            "master_version": "1.14.10-gke.36",
            "min_master_version": null,
            "monitoring_service": "monitoring.googleapis.com/kubernetes",
            "name": "my-app-cluster",
            "network": "projects/myproject-278611/global/networks/default",
            "network_policy": [
              {
                "enabled": false,
                "provider": "PROVIDER_UNSPECIFIED"
              }
            ],
            "node_config": [
              {
                "disk_size_gb": 100,
                "disk_type": "pd-standard",
                "guest_accelerator": [],
                "image_type": "COS",
                "labels": {},
                "local_ssd_count": 0,
                "machine_type": "n1-standard-1",
                "metadata": {
                  "disable-legacy-endpoints": "true"
                },
                "min_cpu_platform": "",
                "oauth_scopes": [
                  "https://www.googleapis.com/auth/devstorage.read_only",
                  "https://www.googleapis.com/auth/logging.write",
                  "https://www.googleapis.com/auth/monitoring"
                ],
                "preemptible": true,
                "sandbox_config": [],
                "service_account": "default",
                "shielded_instance_config": [
                  {
                    "enable_integrity_monitoring": true,
                    "enable_secure_boot": false
                  }
                ],
                "tags": null,
                "taint": [],
                "workload_metadata_config": []
              }
            ],
            "node_locations": [],
            "node_pool": [
              {
                "autoscaling": [],
                "initial_node_count": 2,
                "instance_group_urls": [
                  "https://www.googleapis.com/compute/v1/projects/myproject-278611/zones/us-central1-a/instanceGroupManagers/gke-my-app-cluster-default-pool-5295b684-grp"
                ],
                "management": [
                  {
                    "auto_repair": true,
                    "auto_upgrade": true
                  }
                ],
                "max_pods_per_node": 0,
                "name": "default-pool",
                "name_prefix": "",
                "node_config": [
                  {
                    "disk_size_gb": 100,
                    "disk_type": "pd-standard",
                    "guest_accelerator": [],
                    "image_type": "COS",
                    "labels": {},
                    "local_ssd_count": 0,
                    "machine_type": "n1-standard-1",
                    "metadata": {
                      "disable-legacy-endpoints": "true"
                    },
                    "min_cpu_platform": "",
                    "oauth_scopes": [
                      "https://www.googleapis.com/auth/devstorage.read_only",
                      "https://www.googleapis.com/auth/logging.write",
                      "https://www.googleapis.com/auth/monitoring"
                    ],
                    "preemptible": true,
                    "sandbox_config": [],
                    "service_account": "default",
                    "shielded_instance_config": [
                      {
                        "enable_integrity_monitoring": true,
                        "enable_secure_boot": false
                      }
                    ],
                    "tags": [],
                    "taint": [],
                    "workload_metadata_config": []
                  }
                ],
                "node_count": 2,
                "node_locations": [
                  "us-central1-a"
                ],
                "upgrade_settings": [
                  {
                    "max_surge": 1,
                    "max_unavailable": 0
                  }
                ],
                "version": "1.14.10-gke.36"
              }
            ],
            "node_version": "1.14.10-gke.36",
            "operation": null,
            "pod_security_policy_config": null,
            "private_cluster_config": [],
            "project": "myproject-278611",
            "region": null,
            "remove_default_node_pool": null,
            "resource_labels": null,
            "resource_usage_export_config": [],
            "services_ipv4_cidr": "10.7.240.0/20",
            "subnetwork": "projects/myproject-278611/regions/us-central1/subnetworks/default",
            "timeouts": null,
            "vertical_pod_autoscaling": [],
            "workload_identity_config": [],
            "zone": null
          },
          "private": "eyJlMmJmYjczMC1lY2FhLTExZTYtOGY4OC0zNDM2M2JjN2M0YzAiOnsiY3JlYXRlIjoyNDAwMDAwMDAwMDAwLCJkZWxldGUiOjI0MDAwMDAwMDAwMDAsInJlYWQiOjI0MDAwMDAwMDAwMDAsInVwZGF0ZSI6MzYwMDAwMDAwMDAwMH0sInNjaGVtYV92ZXJzaW9uIjoiMSJ9"
        }
      ]
    }
  ]
}
